
Microsoft Visual Studio Solution File, Format Version 12.00
Project("{FAE04EC0-301F-11D3-BF4B-00C04F79EFBC}") = "DesignPatterns", "DesignPatterns.csproj", "{AA517F74-995A-4C19-AF89-4E2EE3A39C03}"
EndProject
Global
	GlobalSection(SolutionConfigurationPlatforms) = preSolution
		Debug|Any CPU = Debug|Any CPU
		Release|Any CPU = Release|Any CPU
	EndGlobalSection
	GlobalSection(ProjectConfigurationPlatforms) = postSolution
		{AA517F74-995A-4C19-AF89-4E2EE3A39C03}.Debug|Any CPU.ActiveCfg = Debug|Any CPU
		{AA517F74-995A-4C19-AF89-4E2EE3A39C03}.Debug|Any CPU.Build.0 = Debug|Any CPU
		{AA517F74-995A-4C19-AF89-4E2EE3A39C03}.Release|Any CPU.ActiveCfg = Release|Any CPU
		{AA517F74-995A-4C19-AF89-4E2EE3A39C03}.Release|Any CPU.Build.0 = Release|Any CPU
	EndGlobalSection
EndGlobal
